PODS:
  - EZAudio (0.5.0):
    - TPCircularBuffer (~> 0.0)
  - MZTimerLabel (0.5.2)
  - TPCircularBuffer (0.0.1)

DEPENDENCIES:
  - EZAudio
  - MZTimerLabel

SPEC CHECKSUMS:
  EZAudio: c891c006ef0746b60fdce5f8042d6e3462d8b3b4
  MZTimerLabel: 1bce6b93ec9f017fffad7ea7ee2bc721b53b64ee
  TPCircularBuffer: 949e9632b9fb99b7274d7b2296ee22bff5841e35

COCOAPODS: 0.37.2
