// !$*UTF8*$!
{
	archiveVersion = 1;
	classes = {
	};
	objectVersion = 46;
	objects = {

/* Begin PBXBuildFile section */
		462BFA121B01E3FB00028FB6 /* GenericWrapper.swift in Sources */ = {isa = PBXBuildFile; fileRef = 462BFA111B01E3FB00028FB6 /* GenericWrapper.swift */; };
		46AD0CB21B01ED2F00010E9C /* CoreDataHelper.swift in Sources */ = {isa = PBXBuildFile; fileRef = 46AD0CB11B01ED2F00010E9C /* CoreDataHelper.swift */; };
		46F8AA6C1B02882500946033 /* Practice Rhode Island.plist in Resources */ = {isa = PBXBuildFile; fileRef = 46F8AA6B1B02882500946033 /* Practice Rhode Island.plist */; };
		46F8AA701B02953300946033 /* Record.swift in Sources */ = {isa = PBXBuildFile; fileRef = 46F8AA6F1B02953300946033 /* Record.swift */; };
		46FAC9BC1AEEF4F600BAFE99 /* Bio_Reading.xcdatamodeld in Sources */ = {isa = PBXBuildFile; fileRef = 46FAC9BA1AEEF4F600BAFE99 /* Bio_Reading.xcdatamodeld */; };
		46FAC9DD1AEEF57A00BAFE99 /* AppDelegate.swift in Sources */ = {isa = PBXBuildFile; fileRef = 46FAC9DC1AEEF57A00BAFE99 /* AppDelegate.swift */; };
		46FAC9E31AEEF5AE00BAFE99 /* CuriosityViewController.swift in Sources */ = {isa = PBXBuildFile; fileRef = 46FAC9DE1AEEF5AE00BAFE99 /* CuriosityViewController.swift */; };
		46FAC9E41AEEF5AE00BAFE99 /* FamiliarityViewController.swift in Sources */ = {isa = PBXBuildFile; fileRef = 46FAC9DF1AEEF5AE00BAFE99 /* FamiliarityViewController.swift */; };
		46FAC9E51AEEF5AE00BAFE99 /* PromptPickerViewController.swift in Sources */ = {isa = PBXBuildFile; fileRef = 46FAC9E01AEEF5AE00BAFE99 /* PromptPickerViewController.swift */; };
		46FAC9E61AEEF5AE00BAFE99 /* PromptViewController.swift in Sources */ = {isa = PBXBuildFile; fileRef = 46FAC9E11AEEF5AE00BAFE99 /* PromptViewController.swift */; };
		46FAC9E71AEEF5AE00BAFE99 /* RecallViewController.swift in Sources */ = {isa = PBXBuildFile; fileRef = 46FAC9E21AEEF5AE00BAFE99 /* RecallViewController.swift */; };
		46FAC9ED1AEEF5C300BAFE99 /* AdminPanelViewController.swift in Sources */ = {isa = PBXBuildFile; fileRef = 46FAC9E91AEEF5C300BAFE99 /* AdminPanelViewController.swift */; };
		46FAC9EE1AEEF5C300BAFE99 /* EmailLogsTableViewController.swift in Sources */ = {isa = PBXBuildFile; fileRef = 46FAC9EA1AEEF5C300BAFE99 /* EmailLogsTableViewController.swift */; };
		46FAC9EF1AEEF5C300BAFE99 /* InitialViewController.swift in Sources */ = {isa = PBXBuildFile; fileRef = 46FAC9EB1AEEF5C300BAFE99 /* InitialViewController.swift */; };
		46FAC9F01AEEF5C300BAFE99 /* InstructionViewController.swift in Sources */ = {isa = PBXBuildFile; fileRef = 46FAC9EC1AEEF5C300BAFE99 /* InstructionViewController.swift */; };
		46FAC9F31AEEF5D600BAFE99 /* Main.storyboard in Resources */ = {isa = PBXBuildFile; fileRef = 46FAC9F21AEEF5D600BAFE99 /* Main.storyboard */; };
		46FAC9F51AEEF5EE00BAFE99 /* PromptCollectionViewCell.swift in Sources */ = {isa = PBXBuildFile; fileRef = 46FAC9F41AEEF5EE00BAFE99 /* PromptCollectionViewCell.swift */; };
		46FAC9FE1AEEF60300BAFE99 /* ArrayExtension.swift in Sources */ = {isa = PBXBuildFile; fileRef = 46FAC9F81AEEF60300BAFE99 /* ArrayExtension.swift */; };
		46FACA001AEEF60300BAFE99 /* IOHelper.swift in Sources */ = {isa = PBXBuildFile; fileRef = 46FAC9FA1AEEF60300BAFE99 /* IOHelper.swift */; };
		46FACA011AEEF60300BAFE99 /* NSUserDefaultHelper.swift in Sources */ = {isa = PBXBuildFile; fileRef = 46FAC9FB1AEEF60300BAFE99 /* NSUserDefaultHelper.swift */; };
		46FACA021AEEF60300BAFE99 /* RecordKeeperHelper.swift in Sources */ = {isa = PBXBuildFile; fileRef = 46FAC9FC1AEEF60300BAFE99 /* RecordKeeperHelper.swift */; };
		46FACA031AEEF60300BAFE99 /* UIColorExtension.swift in Sources */ = {isa = PBXBuildFile; fileRef = 46FAC9FD1AEEF60300BAFE99 /* UIColorExtension.swift */; };
		46FACA0C1AEEF61500BAFE99 /* Emily Dickinson.plist in Resources */ = {isa = PBXBuildFile; fileRef = 46FACA041AEEF61500BAFE99 /* Emily Dickinson.plist */; };
		46FACA0D1AEEF61500BAFE99 /* Example.plist in Resources */ = {isa = PBXBuildFile; fileRef = 46FACA051AEEF61500BAFE99 /* Example.plist */; };
		46FACA0E1AEEF61500BAFE99 /* Issac Newton.plist in Resources */ = {isa = PBXBuildFile; fileRef = 46FACA061AEEF61500BAFE99 /* Issac Newton.plist */; };
		46FACA0F1AEEF61500BAFE99 /* Mahatma Gandhi.plist in Resources */ = {isa = PBXBuildFile; fileRef = 46FACA071AEEF61500BAFE99 /* Mahatma Gandhi.plist */; };
		46FACA101AEEF61500BAFE99 /* Marie Curie.plist in Resources */ = {isa = PBXBuildFile; fileRef = 46FACA081AEEF61500BAFE99 /* Marie Curie.plist */; };
		46FACA111AEEF61500BAFE99 /* Mother Teresa.plist in Resources */ = {isa = PBXBuildFile; fileRef = 46FACA091AEEF61500BAFE99 /* Mother Teresa.plist */; };
		46FACA121AEEF61500BAFE99 /* Practice Connecticut.plist in Resources */ = {isa = PBXBuildFile; fileRef = 46FACA0A1AEEF61500BAFE99 /* Practice Connecticut.plist */; };
		46FACA131AEEF61500BAFE99 /* William Shakespeare.plist in Resources */ = {isa = PBXBuildFile; fileRef = 46FACA0B1AEEF61500BAFE99 /* William Shakespeare.plist */; };
		46FACA161AEEF62600BAFE99 /* Images.xcassets in Resources */ = {isa = PBXBuildFile; fileRef = 46FACA151AEEF62600BAFE99 /* Images.xcassets */; };
		46FACA1A1AEEF63F00BAFE99 /* LaunchScreen.xib in Resources */ = {isa = PBXBuildFile; fileRef = 46FACA191AEEF63F00BAFE99 /* LaunchScreen.xib */; };
		46FACA1F1AEEF74D00BAFE99 /* Crashlytics.framework in Frameworks */ = {isa = PBXBuildFile; fileRef = 46FACA1D1AEEF74D00BAFE99 /* Crashlytics.framework */; };
		46FACA201AEEF74D00BAFE99 /* Fabric.framework in Frameworks */ = {isa = PBXBuildFile; fileRef = 46FACA1E1AEEF74D00BAFE99 /* Fabric.framework */; };
		87E3EF8F44229B24A2159656 /* libPods.a in Frameworks */ = {isa = PBXBuildFile; fileRef = BE0AE68B0187CDF53E0F4B42 /* libPods.a */; };
/* End PBXBuildFile section */

/* Begin PBXFileReference section */
		462BFA111B01E3FB00028FB6 /* GenericWrapper.swift */ = {isa = PBXFileReference; fileEncoding = 4; lastKnownFileType = sourcecode.swift; path = GenericWrapper.swift; sourceTree = "<group>"; };
		46AD0CB11B01ED2F00010E9C /* CoreDataHelper.swift */ = {isa = PBXFileReference; fileEncoding = 4; lastKnownFileType = sourcecode.swift; path = CoreDataHelper.swift; sourceTree = "<group>"; };
		46F8AA6B1B02882500946033 /* Practice Rhode Island.plist */ = {isa = PBXFileReference; fileEncoding = 4; lastKnownFileType = text.plist.xml; path = "Practice Rhode Island.plist"; sourceTree = "<group>"; };
		46F8AA6F1B02953300946033 /* Record.swift */ = {isa = PBXFileReference; fileEncoding = 4; lastKnownFileType = sourcecode.swift; name = Record.swift; path = ../Record.swift; sourceTree = "<group>"; };
		46FAC9B31AEEF4F600BAFE99 /* Bio Reading.app */ = {isa = PBXFileReference; explicitFileType = wrapper.application; includeInIndex = 0; path = "Bio Reading.app"; sourceTree = BUILT_PRODUCTS_DIR; };
		46FAC9BB1AEEF4F600BAFE99 /* Bio_Reading.xcdatamodel */ = {isa = PBXFileReference; lastKnownFileType = wrapper.xcdatamodel; path = Bio_Reading.xcdatamodel; sourceTree = "<group>"; };
		46FAC9DB1AEEF57A00BAFE99 /* Bio Reading-Bridging-Header.h */ = {isa = PBXFileReference; lastKnownFileType = sourcecode.c.h; path = "Bio Reading-Bridging-Header.h"; sourceTree = "<group>"; };
		46FAC9DC1AEEF57A00BAFE99 /* AppDelegate.swift */ = {isa = PBXFileReference; fileEncoding = 4; lastKnownFileType = sourcecode.swift; path = AppDelegate.swift; sourceTree = "<group>"; };
		46FAC9DE1AEEF5AE00BAFE99 /* CuriosityViewController.swift */ = {isa = PBXFileReference; fileEncoding = 4; lastKnownFileType = sourcecode.swift; path = CuriosityViewController.swift; sourceTree = "<group>"; };
		46FAC9DF1AEEF5AE00BAFE99 /* FamiliarityViewController.swift */ = {isa = PBXFileReference; fileEncoding = 4; lastKnownFileType = sourcecode.swift; path = FamiliarityViewController.swift; sourceTree = "<group>"; };
		46FAC9E01AEEF5AE00BAFE99 /* PromptPickerViewController.swift */ = {isa = PBXFileReference; fileEncoding = 4; lastKnownFileType = sourcecode.swift; path = PromptPickerViewController.swift; sourceTree = "<group>"; };
		46FAC9E11AEEF5AE00BAFE99 /* PromptViewController.swift */ = {isa = PBXFileReference; fileEncoding = 4; lastKnownFileType = sourcecode.swift; path = PromptViewController.swift; sourceTree = "<group>"; };
		46FAC9E21AEEF5AE00BAFE99 /* RecallViewController.swift */ = {isa = PBXFileReference; fileEncoding = 4; lastKnownFileType = sourcecode.swift; path = RecallViewController.swift; sourceTree = "<group>"; };
		46FAC9E91AEEF5C300BAFE99 /* AdminPanelViewController.swift */ = {isa = PBXFileReference; fileEncoding = 4; lastKnownFileType = sourcecode.swift; path = AdminPanelViewController.swift; sourceTree = "<group>"; };
		46FAC9EA1AEEF5C300BAFE99 /* EmailLogsTableViewController.swift */ = {isa = PBXFileReference; fileEncoding = 4; lastKnownFileType = sourcecode.swift; path = EmailLogsTableViewController.swift; sourceTree = "<group>"; };
		46FAC9EB1AEEF5C300BAFE99 /* InitialViewController.swift */ = {isa = PBXFileReference; fileEncoding = 4; lastKnownFileType = sourcecode.swift; path = InitialViewController.swift; sourceTree = "<group>"; };
		46FAC9EC1AEEF5C300BAFE99 /* InstructionViewController.swift */ = {isa = PBXFileReference; fileEncoding = 4; lastKnownFileType = sourcecode.swift; path = InstructionViewController.swift; sourceTree = "<group>"; };
		46FAC9F21AEEF5D600BAFE99 /* Main.storyboard */ = {isa = PBXFileReference; fileEncoding = 4; lastKnownFileType = file.storyboard; path = Main.storyboard; sourceTree = "<group>"; };
		46FAC9F41AEEF5EE00BAFE99 /* PromptCollectionViewCell.swift */ = {isa = PBXFileReference; fileEncoding = 4; lastKnownFileType = sourcecode.swift; path = PromptCollectionViewCell.swift; sourceTree = "<group>"; };
		46FAC9F81AEEF60300BAFE99 /* ArrayExtension.swift */ = {isa = PBXFileReference; fileEncoding = 4; lastKnownFileType = sourcecode.swift; path = ArrayExtension.swift; sourceTree = "<group>"; };
		46FAC9FA1AEEF60300BAFE99 /* IOHelper.swift */ = {isa = PBXFileReference; fileEncoding = 4; lastKnownFileType = sourcecode.swift; path = IOHelper.swift; sourceTree = "<group>"; };
		46FAC9FB1AEEF60300BAFE99 /* NSUserDefaultHelper.swift */ = {isa = PBXFileReference; fileEncoding = 4; lastKnownFileType = sourcecode.swift; path = NSUserDefaultHelper.swift; sourceTree = "<group>"; };
		46FAC9FC1AEEF60300BAFE99 /* RecordKeeperHelper.swift */ = {isa = PBXFileReference; fileEncoding = 4; lastKnownFileType = sourcecode.swift; path = RecordKeeperHelper.swift; sourceTree = "<group>"; };
		46FAC9FD1AEEF60300BAFE99 /* UIColorExtension.swift */ = {isa = PBXFileReference; fileEncoding = 4; lastKnownFileType = sourcecode.swift; path = UIColorExtension.swift; sourceTree = "<group>"; };
		46FACA041AEEF61500BAFE99 /* Emily Dickinson.plist */ = {isa = PBXFileReference; fileEncoding = 4; lastKnownFileType = text.plist.xml; path = "Emily Dickinson.plist"; sourceTree = "<group>"; };
		46FACA051AEEF61500BAFE99 /* Example.plist */ = {isa = PBXFileReference; fileEncoding = 4; lastKnownFileType = text.plist.xml; path = Example.plist; sourceTree = "<group>"; };
		46FACA061AEEF61500BAFE99 /* Issac Newton.plist */ = {isa = PBXFileReference; fileEncoding = 4; lastKnownFileType = text.plist.xml; path = "Issac Newton.plist"; sourceTree = "<group>"; };
		46FACA071AEEF61500BAFE99 /* Mahatma Gandhi.plist */ = {isa = PBXFileReference; fileEncoding = 4; lastKnownFileType = text.plist.xml; path = "Mahatma Gandhi.plist"; sourceTree = "<group>"; };
		46FACA081AEEF61500BAFE99 /* Marie Curie.plist */ = {isa = PBXFileReference; fileEncoding = 4; lastKnownFileType = text.plist.xml; path = "Marie Curie.plist"; sourceTree = "<group>"; };
		46FACA091AEEF61500BAFE99 /* Mother Teresa.plist */ = {isa = PBXFileReference; fileEncoding = 4; lastKnownFileType = text.plist.xml; path = "Mother Teresa.plist"; sourceTree = "<group>"; };
		46FACA0A1AEEF61500BAFE99 /* Practice Connecticut.plist */ = {isa = PBXFileReference; fileEncoding = 4; lastKnownFileType = text.plist.xml; path = "Practice Connecticut.plist"; sourceTree = "<group>"; };
		46FACA0B1AEEF61500BAFE99 /* William Shakespeare.plist */ = {isa = PBXFileReference; fileEncoding = 4; lastKnownFileType = text.plist.xml; path = "William Shakespeare.plist"; sourceTree = "<group>"; };
		46FACA151AEEF62600BAFE99 /* Images.xcassets */ = {isa = PBXFileReference; lastKnownFileType = folder.assetcatalog; path = Images.xcassets; sourceTree = "<group>"; };
		46FACA171AEEF63800BAFE99 /* Info.plist */ = {isa = PBXFileReference; fileEncoding = 4; lastKnownFileType = text.plist.xml; path = Info.plist; sourceTree = "<group>"; };
		46FACA191AEEF63F00BAFE99 /* LaunchScreen.xib */ = {isa = PBXFileReference; fileEncoding = 4; lastKnownFileType = file.xib; path = LaunchScreen.xib; sourceTree = "<group>"; };
		46FACA1D1AEEF74D00BAFE99 /* Crashlytics.framework */ = {isa = PBXFileReference; lastKnownFileType = wrapper.framework; path = Crashlytics.framework; sourceTree = "<group>"; };
		46FACA1E1AEEF74D00BAFE99 /* Fabric.framework */ = {isa = PBXFileReference; lastKnownFileType = wrapper.framework; path = Fabric.framework; sourceTree = "<group>"; };
		A273DE8464009B44D6D6FCD7 /* Pods.debug.xcconfig */ = {isa = PBXFileReference; includeInIndex = 1; lastKnownFileType = text.xcconfig; name = Pods.debug.xcconfig; path = "Pods/Target Support Files/Pods/Pods.debug.xcconfig"; sourceTree = "<group>"; };
		BE0AE68B0187CDF53E0F4B42 /* libPods.a */ = {isa = PBXFileReference; explicitFileType = archive.ar; includeInIndex = 0; path = libPods.a; sourceTree = BUILT_PRODUCTS_DIR; };
		CADC31E48131D838EB968D58 /* Pods.release.xcconfig */ = {isa = PBXFileReference; includeInIndex = 1; lastKnownFileType = text.xcconfig; name = Pods.release.xcconfig; path = "Pods/Target Support Files/Pods/Pods.release.xcconfig"; sourceTree = "<group>"; };
/* End PBXFileReference section */

/* Begin PBXFrameworksBuildPhase section */
		46FAC9B01AEEF4F600BAFE99 /* Frameworks */ = {
			isa = PBXFrameworksBuildPhase;
			buildActionMask = 2147483647;
			files = (
				46FACA1F1AEEF74D00BAFE99 /* Crashlytics.framework in Frameworks */,
				87E3EF8F44229B24A2159656 /* libPods.a in Frameworks */,
				46FACA201AEEF74D00BAFE99 /* Fabric.framework in Frameworks */,
			);
			runOnlyForDeploymentPostprocessing = 0;
		};
/* End PBXFrameworksBuildPhase section */

/* Begin PBXGroup section */
		462BF9DC1B01E00100028FB6 /* Bios */ = {
			isa = PBXGroup;
			children = (
				46FACA041AEEF61500BAFE99 /* Emily Dickinson.plist */,
				46FACA051AEEF61500BAFE99 /* Example.plist */,
				46FACA061AEEF61500BAFE99 /* Issac Newton.plist */,
				46FACA071AEEF61500BAFE99 /* Mahatma Gandhi.plist */,
				46FACA081AEEF61500BAFE99 /* Marie Curie.plist */,
				46FACA091AEEF61500BAFE99 /* Mother Teresa.plist */,
				46FACA0A1AEEF61500BAFE99 /* Practice Connecticut.plist */,
				46F8AA6B1B02882500946033 /* Practice Rhode Island.plist */,
				46FACA0B1AEEF61500BAFE99 /* William Shakespeare.plist */,
				46F8AA6F1B02953300946033 /* Record.swift */,
			);
			name = Bios;
			sourceTree = "<group>";
		};
		462BFA0E1B01E10E00028FB6 /* Internal */ = {
			isa = PBXGroup;
			children = (
				462BFA111B01E3FB00028FB6 /* GenericWrapper.swift */,
				46FAC9F71AEEF5F500BAFE99 /* UI */,
				462BFA101B01E1EB00028FB6 /* Extension */,
				46FAC9F61AEEF5F000BAFE99 /* Helpers */,
			);
			name = Internal;
			sourceTree = "<group>";
		};
		462BFA0F1B01E11600028FB6 /* External */ = {
			isa = PBXGroup;
			children = (
				957F37ED680FBB631CC89C7E /* Pods */,
				46FACA1D1AEEF74D00BAFE99 /* Crashlytics.framework */,
				46FACA1E1AEEF74D00BAFE99 /* Fabric.framework */,
				BE0AE68B0187CDF53E0F4B42 /* libPods.a */,
			);
			name = External;
			sourceTree = "<group>";
		};
		462BFA101B01E1EB00028FB6 /* Extension */ = {
			isa = PBXGroup;
			children = (
				46FAC9F81AEEF60300BAFE99 /* ArrayExtension.swift */,
				46FAC9FD1AEEF60300BAFE99 /* UIColorExtension.swift */,
			);
			name = Extension;
			path = "Bio Reading";
			sourceTree = "<group>";
		};
		46FAC9AA1AEEF4F600BAFE99 = {
			isa = PBXGroup;
			children = (
				46FAC9B51AEEF4F600BAFE99 /* Bio Reading */,
				46FAC9B41AEEF4F600BAFE99 /* Products */,
				70B0BC6E9707F2D0F190EBDD /* Library */,
			);
			sourceTree = "<group>";
		};
		46FAC9B41AEEF4F600BAFE99 /* Products */ = {
			isa = PBXGroup;
			children = (
				46FAC9B31AEEF4F600BAFE99 /* Bio Reading.app */,
			);
			name = Products;
			sourceTree = "<group>";
		};
		46FAC9B51AEEF4F600BAFE99 /* Bio Reading */ = {
			isa = PBXGroup;
			children = (
				46FAC9DC1AEEF57A00BAFE99 /* AppDelegate.swift */,
				46FAC9E81AEEF5B300BAFE99 /* View Controllers */,
				46FACA141AEEF61A00BAFE99 /* Resources */,
				46FACA1B1AEEF64500BAFE99 /* Supporting Files */,
			);
			path = "Bio Reading";
			sourceTree = "<group>";
		};
		46FAC9E81AEEF5B300BAFE99 /* View Controllers */ = {
			isa = PBXGroup;
			children = (
				46FAC9F21AEEF5D600BAFE99 /* Main.storyboard */,
				46FAC9F11AEEF5C700BAFE99 /* Pre */,
				46FAC9DE1AEEF5AE00BAFE99 /* CuriosityViewController.swift */,
				46FAC9DF1AEEF5AE00BAFE99 /* FamiliarityViewController.swift */,
				46FAC9E01AEEF5AE00BAFE99 /* PromptPickerViewController.swift */,
				46FAC9E11AEEF5AE00BAFE99 /* PromptViewController.swift */,
				46FAC9E21AEEF5AE00BAFE99 /* RecallViewController.swift */,
			);
			name = "View Controllers";
			sourceTree = "<group>";
		};
		46FAC9F11AEEF5C700BAFE99 /* Pre */ = {
			isa = PBXGroup;
			children = (
				46FAC9E91AEEF5C300BAFE99 /* AdminPanelViewController.swift */,
				46FAC9EA1AEEF5C300BAFE99 /* EmailLogsTableViewController.swift */,
				46FAC9EB1AEEF5C300BAFE99 /* InitialViewController.swift */,
				46FAC9EC1AEEF5C300BAFE99 /* InstructionViewController.swift */,
			);
			name = Pre;
			sourceTree = "<group>";
		};
		46FAC9F61AEEF5F000BAFE99 /* Helpers */ = {
			isa = PBXGroup;
			children = (
				46FAC9FA1AEEF60300BAFE99 /* IOHelper.swift */,
				46FAC9FB1AEEF60300BAFE99 /* NSUserDefaultHelper.swift */,
				46AD0CB11B01ED2F00010E9C /* CoreDataHelper.swift */,
				46FAC9FC1AEEF60300BAFE99 /* RecordKeeperHelper.swift */,
			);
			name = Helpers;
			path = "Bio Reading";
			sourceTree = "<group>";
		};
		46FAC9F71AEEF5F500BAFE99 /* UI */ = {
			isa = PBXGroup;
			children = (
				46FAC9F41AEEF5EE00BAFE99 /* PromptCollectionViewCell.swift */,
			);
			name = UI;
			path = "Bio Reading";
			sourceTree = "<group>";
		};
		46FACA141AEEF61A00BAFE99 /* Resources */ = {
			isa = PBXGroup;
			children = (
				462BF9DC1B01E00100028FB6 /* Bios */,
				46FAC9BA1AEEF4F600BAFE99 /* Bio_Reading.xcdatamodeld */,
				46FACA151AEEF62600BAFE99 /* Images.xcassets */,
			);
			name = Resources;
			sourceTree = "<group>";
		};
		46FACA1B1AEEF64500BAFE99 /* Supporting Files */ = {
			isa = PBXGroup;
			children = (
				46FACA191AEEF63F00BAFE99 /* LaunchScreen.xib */,
				46FACA171AEEF63800BAFE99 /* Info.plist */,
				46FAC9DB1AEEF57A00BAFE99 /* Bio Reading-Bridging-Header.h */,
			);
			name = "Supporting Files";
			sourceTree = "<group>";
		};
		70B0BC6E9707F2D0F190EBDD /* Library */ = {
			isa = PBXGroup;
			children = (
				462BFA0E1B01E10E00028FB6 /* Internal */,
				462BFA0F1B01E11600028FB6 /* External */,
			);
			name = Library;
			sourceTree = "<group>";
		};
		957F37ED680FBB631CC89C7E /* Pods */ = {
			isa = PBXGroup;
			children = (
				A273DE8464009B44D6D6FCD7 /* Pods.debug.xcconfig */,
				CADC31E48131D838EB968D58 /* Pods.release.xcconfig */,
			);
			name = Pods;
			sourceTree = "<group>";
		};
/* End PBXGroup section */

/* Begin PBXNativeTarget section */
		46FAC9B21AEEF4F600BAFE99 /* Bio Reading */ = {
			isa = PBXNativeTarget;
			buildConfigurationList = 46FAC9D51AEEF4F600BAFE99 /* Build configuration list for PBXNativeTarget "Bio Reading" */;
			buildPhases = (
				D2C243F4929387EAC9F103EB /* Check Pods Manifest.lock */,
				46FAC9AF1AEEF4F600BAFE99 /* Sources */,
				46FAC9B01AEEF4F600BAFE99 /* Frameworks */,
				46FAC9B11AEEF4F600BAFE99 /* Resources */,
				27FC9D0371DD408A7AA7D010 /* Copy Pods Resources */,
				46FACA1C1AEEF70600BAFE99 /* Install Fabric */,
			);
			buildRules = (
			);
			dependencies = (
			);
			name = "Bio Reading";
			productName = "Bio Reading";
			productReference = 46FAC9B31AEEF4F600BAFE99 /* Bio Reading.app */;
			productType = "com.apple.product-type.application";
		};
/* End PBXNativeTarget section */

/* Begin PBXProject section */
		46FAC9AB1AEEF4F600BAFE99 /* Project object */ = {
			isa = PBXProject;
			attributes = {
				LastUpgradeCheck = 0630;
				ORGANIZATIONNAME = "Andrew Breckenridge";
				TargetAttributes = {
					46FAC9B21AEEF4F600BAFE99 = {
						CreatedOnToolsVersion = 6.3.1;
					};
				};
			};
			buildConfigurationList = 46FAC9AE1AEEF4F600BAFE99 /* Build configuration list for PBXProject "Bio Reading" */;
			compatibilityVersion = "Xcode 3.2";
			developmentRegion = English;
			hasScannedForEncodings = 0;
			knownRegions = (
				en,
				Base,
			);
			mainGroup = 46FAC9AA1AEEF4F600BAFE99;
			productRefGroup = 46FAC9B41AEEF4F600BAFE99 /* Products */;
			projectDirPath = "";
			projectRoot = "";
			targets = (
				46FAC9B21AEEF4F600BAFE99 /* Bio Reading */,
			);
		};
/* End PBXProject section */

/* Begin PBXResourcesBuildPhase section */
		46FAC9B11AEEF4F600BAFE99 /* Resources */ = {
			isa = PBXResourcesBuildPhase;
			buildActionMask = 2147483647;
			files = (
				46FAC9F31AEEF5D600BAFE99 /* Main.storyboard in Resources */,
				46F8AA6C1B02882500946033 /* Practice Rhode Island.plist in Resources */,
				46FACA161AEEF62600BAFE99 /* Images.xcassets in Resources */,
				46FACA0C1AEEF61500BAFE99 /* Emily Dickinson.plist in Resources */,
				46FACA0F1AEEF61500BAFE99 /* Mahatma Gandhi.plist in Resources */,
				46FACA1A1AEEF63F00BAFE99 /* LaunchScreen.xib in Resources */,
				46FACA101AEEF61500BAFE99 /* Marie Curie.plist in Resources */,
				46FACA0E1AEEF61500BAFE99 /* Issac Newton.plist in Resources */,
				46FACA0D1AEEF61500BAFE99 /* Example.plist in Resources */,
				46FACA121AEEF61500BAFE99 /* Practice Connecticut.plist in Resources */,
				46FACA131AEEF61500BAFE99 /* William Shakespeare.plist in Resources */,
				46FACA111AEEF61500BAFE99 /* Mother Teresa.plist in Resources */,
			);
			runOnlyForDeploymentPostprocessing = 0;
		};
/* End PBXResourcesBuildPhase section */

/* Begin PBXShellScriptBuildPhase section */
		27FC9D0371DD408A7AA7D010 /* Copy Pods Resources */ = {
			isa = PBXShellScriptBuildPhase;
			buildActionMask = 2147483647;
			files = (
			);
			inputPaths = (
			);
			name = "Copy Pods Resources";
			outputPaths = (
			);
			runOnlyForDeploymentPostprocessing = 0;
			shellPath = /bin/sh;
			shellScript = "\"${SRCROOT}/Pods/Target Support Files/Pods/Pods-resources.sh\"\n";
			showEnvVarsInLog = 0;
		};
		46FACA1C1AEEF70600BAFE99 /* Install Fabric */ = {
			isa = PBXShellScriptBuildPhase;
			buildActionMask = 2147483647;
			files = (
			);
			inputPaths = (
			);
			name = "Install Fabric";
			outputPaths = (
			);
			runOnlyForDeploymentPostprocessing = 0;
			shellPath = /bin/sh;
			shellScript = "./Fabric.framework/run cf31bd871fb35d3e3e94b3732cd654bbde1f5b0c 33804315ff66b7966281403539d1d005fcf98139ee03282942a67832a10b0f8e";
		};
		D2C243F4929387EAC9F103EB /* Check Pods Manifest.lock */ = {
			isa = PBXShellScriptBuildPhase;
			buildActionMask = 2147483647;
			files = (
			);
			inputPaths = (
			);
			name = "Check Pods Manifest.lock";
			outputPaths = (
			);
			runOnlyForDeploymentPostprocessing = 0;
			shellPath = /bin/sh;
			shellScript = "diff \"${PODS_ROOT}/../Podfile.lock\" \"${PODS_ROOT}/Manifest.lock\" > /dev/null\nif [[ $? != 0 ]] ; then\n    cat << EOM\nerror: The sandbox is not in sync with the Podfile.lock. Run 'pod install' or update your CocoaPods installation.\nEOM\n    exit 1\nfi\n";
			showEnvVarsInLog = 0;
		};
/* End PBXShellScriptBuildPhase section */

/* Begin PBXSourcesBuildPhase section */
		46FAC9AF1AEEF4F600BAFE99 /* Sources */ = {
			isa = PBXSourcesBuildPhase;
			buildActionMask = 2147483647;
			files = (
				46FAC9E61AEEF5AE00BAFE99 /* PromptViewController.swift in Sources */,
				46FAC9EE1AEEF5C300BAFE99 /* EmailLogsTableViewController.swift in Sources */,
				46F8AA701B02953300946033 /* Record.swift in Sources */,
				46FAC9ED1AEEF5C300BAFE99 /* AdminPanelViewController.swift in Sources */,
				46FAC9E41AEEF5AE00BAFE99 /* FamiliarityViewController.swift in Sources */,
				46FAC9DD1AEEF57A00BAFE99 /* AppDelegate.swift in Sources */,
				462BFA121B01E3FB00028FB6 /* GenericWrapper.swift in Sources */,
				46FACA031AEEF60300BAFE99 /* UIColorExtension.swift in Sources */,
				46FAC9EF1AEEF5C300BAFE99 /* InitialViewController.swift in Sources */,
				46FACA021AEEF60300BAFE99 /* RecordKeeperHelper.swift in Sources */,
				46FAC9E51AEEF5AE00BAFE99 /* PromptPickerViewController.swift in Sources */,
				46AD0CB21B01ED2F00010E9C /* CoreDataHelper.swift in Sources */,
				46FAC9F01AEEF5C300BAFE99 /* InstructionViewController.swift in Sources */,
				46FACA011AEEF60300BAFE99 /* NSUserDefaultHelper.swift in Sources */,
				46FAC9E31AEEF5AE00BAFE99 /* CuriosityViewController.swift in Sources */,
				46FACA001AEEF60300BAFE99 /* IOHelper.swift in Sources */,
				46FAC9E71AEEF5AE00BAFE99 /* RecallViewController.swift in Sources */,
				46FAC9F51AEEF5EE00BAFE99 /* PromptCollectionViewCell.swift in Sources */,
				46FAC9BC1AEEF4F600BAFE99 /* Bio_Reading.xcdatamodeld in Sources */,
				46FAC9FE1AEEF60300BAFE99 /* ArrayExtension.swift in Sources */,
			);
			runOnlyForDeploymentPostprocessing = 0;
		};
/* End PBXSourcesBuildPhase section */

/* Begin XCBuildConfiguration section */
		46FAC9D31AEEF4F600BAFE99 /* Debug */ = {
			isa = XCBuildConfiguration;
			buildSettings = {
				ALWAYS_SEARCH_USER_PATHS = NO;
				CLANG_CXX_LANGUAGE_STANDARD = "gnu++0x";
				CLANG_CXX_LIBRARY = "libc++";
				CLANG_ENABLE_MODULES = YES;
				CLANG_ENABLE_OBJC_ARC = YES;
				CLANG_WARN_BOOL_CONVERSION = YES;
				CLANG_WARN_CONSTANT_CONVERSION = YES;
				CLANG_WARN_DIRECT_OBJC_ISA_USAGE = YES_ERROR;
				CLANG_WARN_EMPTY_BODY = YES;
				CLANG_WARN_ENUM_CONVERSION = YES;
				CLANG_WARN_INT_CONVERSION = YES;
				CLANG_WARN_OBJC_ROOT_CLASS = YES_ERROR;
				CLANG_WARN_UNREACHABLE_CODE = YES;
				CLANG_WARN__DUPLICATE_METHOD_MATCH = YES;
				"CODE_SIGN_IDENTITY[sdk=iphoneos*]" = "iPhone Developer";
				COPY_PHASE_STRIP = NO;
				DEBUG_INFORMATION_FORMAT = "dwarf-with-dsym";
				ENABLE_STRICT_OBJC_MSGSEND = YES;
				GCC_C_LANGUAGE_STANDARD = gnu99;
				GCC_DYNAMIC_NO_PIC = NO;
				GCC_NO_COMMON_BLOCKS = YES;
				GCC_OPTIMIZATION_LEVEL = 0;
				GCC_PREPROCESSOR_DEFINITIONS = (
					"DEBUG=1",
					"$(inherited)",
				);
				GCC_SYMBOLS_PRIVATE_EXTERN = NO;
				GCC_WARN_64_TO_32_BIT_CONVERSION = YES;
				GCC_WARN_ABOUT_RETURN_TYPE = YES_ERROR;
				GCC_WARN_UNDECLARED_SELECTOR = YES;
				GCC_WARN_UNINITIALIZED_AUTOS = YES_AGGRESSIVE;
				GCC_WARN_UNUSED_FUNCTION = YES;
				GCC_WARN_UNUSED_VARIABLE = YES;
				IPHONEOS_DEPLOYMENT_TARGET = 8.3;
				MTL_ENABLE_DEBUG_INFO = YES;
				ONLY_ACTIVE_ARCH = YES;
				SDKROOT = iphoneos;
				SWIFT_OPTIMIZATION_LEVEL = "-Onone";
				TARGETED_DEVICE_FAMILY = 2;
			};
			name = Debug;
		};
		46FAC9D41AEEF4F600BAFE99 /* Release */ = {
			isa = XCBuildConfiguration;
			buildSettings = {
				ALWAYS_SEARCH_USER_PATHS = NO;
				CLANG_CXX_LANGUAGE_STANDARD = "gnu++0x";
				CLANG_CXX_LIBRARY = "libc++";
				CLANG_ENABLE_MODULES = YES;
				CLANG_ENABLE_OBJC_ARC = YES;
				CLANG_WARN_BOOL_CONVERSION = YES;
				CLANG_WARN_CONSTANT_CONVERSION = YES;
				CLANG_WARN_DIRECT_OBJC_ISA_USAGE = YES_ERROR;
				CLANG_WARN_EMPTY_BODY = YES;
				CLANG_WARN_ENUM_CONVERSION = YES;
				CLANG_WARN_INT_CONVERSION = YES;
				CLANG_WARN_OBJC_ROOT_CLASS = YES_ERROR;
				CLANG_WARN_UNREACHABLE_CODE = YES;
				CLANG_WARN__DUPLICATE_METHOD_MATCH = YES;
				"CODE_SIGN_IDENTITY[sdk=iphoneos*]" = "iPhone Developer";
				COPY_PHASE_STRIP = NO;
				DEBUG_INFORMATION_FORMAT = "dwarf-with-dsym";
				ENABLE_NS_ASSERTIONS = NO;
				ENABLE_STRICT_OBJC_MSGSEND = YES;
				GCC_C_LANGUAGE_STANDARD = gnu99;
				GCC_NO_COMMON_BLOCKS = YES;
				GCC_WARN_64_TO_32_BIT_CONVERSION = YES;
				GCC_WARN_ABOUT_RETURN_TYPE = YES_ERROR;
				GCC_WARN_UNDECLARED_SELECTOR = YES;
				GCC_WARN_UNINITIALIZED_AUTOS = YES_AGGRESSIVE;
				GCC_WARN_UNUSED_FUNCTION = YES;
				GCC_WARN_UNUSED_VARIABLE = YES;
				IPHONEOS_DEPLOYMENT_TARGET = 8.3;
				MTL_ENABLE_DEBUG_INFO = NO;
				SDKROOT = iphoneos;
				TARGETED_DEVICE_FAMILY = 2;
				VALIDATE_PRODUCT = YES;
			};
			name = Release;
		};
		46FAC9D61AEEF4F600BAFE99 /* Debug */ = {
			isa = XCBuildConfiguration;
			baseConfigurationReference = A273DE8464009B44D6D6FCD7 /* Pods.debug.xcconfig */;
			buildSettings = {
				ASSETCATALOG_COMPILER_APPICON_NAME = AppIcon;
				CLANG_ENABLE_MODULES = YES;
				FRAMEWORK_SEARCH_PATHS = (
					"$(inherited)",
					"$(PROJECT_DIR)",
				);
				INFOPLIST_FILE = "Bio Reading/Info.plist";
				LD_RUNPATH_SEARCH_PATHS = "$(inherited) @executable_path/Frameworks";
				PRODUCT_NAME = "$(TARGET_NAME)";
				SWIFT_OBJC_BRIDGING_HEADER = "Bio Reading/Bio Reading-Bridging-Header.h";
				SWIFT_OPTIMIZATION_LEVEL = "-Onone";
			};
			name = Debug;
		};
		46FAC9D71AEEF4F600BAFE99 /* Release */ = {
			isa = XCBuildConfiguration;
			baseConfigurationReference = CADC31E48131D838EB968D58 /* Pods.release.xcconfig */;
			buildSettings = {
				ASSETCATALOG_COMPILER_APPICON_NAME = AppIcon;
				CLANG_ENABLE_MODULES = YES;
				FRAMEWORK_SEARCH_PATHS = (
					"$(inherited)",
					"$(PROJECT_DIR)",
				);
				INFOPLIST_FILE = "Bio Reading/Info.plist";
				LD_RUNPATH_SEARCH_PATHS = "$(inherited) @executable_path/Frameworks";
				PRODUCT_NAME = "$(TARGET_NAME)";
				SWIFT_OBJC_BRIDGING_HEADER = "Bio Reading/Bio Reading-Bridging-Header.h";
			};
			name = Release;
		};
/* End XCBuildConfiguration section */

/* Begin XCConfigurationList section */
		46FAC9AE1AEEF4F600BAFE99 /* Build configuration list for PBXProject "Bio Reading" */ = {
			isa = XCConfigurationList;
			buildConfigurations = (
				46FAC9D31AEEF4F600BAFE99 /* Debug */,
				46FAC9D41AEEF4F600BAFE99 /* Release */,
			);
			defaultConfigurationIsVisible = 0;
			defaultConfigurationName = Release;
		};
		46FAC9D51AEEF4F600BAFE99 /* Build configuration list for PBXNativeTarget "Bio Reading" */ = {
			isa = XCConfigurationList;
			buildConfigurations = (
				46FAC9D61AEEF4F600BAFE99 /* Debug */,
				46FAC9D71AEEF4F600BAFE99 /* Release */,
			);
			defaultConfigurationIsVisible = 0;
			defaultConfigurationName = Release;
		};
/* End XCConfigurationList section */

/* Begin XCVersionGroup section */
		46FAC9BA1AEEF4F600BAFE99 /* Bio_Reading.xcdatamodeld */ = {
			isa = XCVersionGroup;
			children = (
				46FAC9BB1AEEF4F600BAFE99 /* Bio_Reading.xcdatamodel */,
			);
			currentVersion = 46FAC9BB1AEEF4F600BAFE99 /* Bio_Reading.xcdatamodel */;
			path = Bio_Reading.xcdatamodeld;
			sourceTree = "<group>";
			versionGroupType = wrapper.xcdatamodel;
		};
/* End XCVersionGroup section */
	};
	rootObject = 46FAC9AB1AEEF4F600BAFE99 /* Project object */;
}
